PODS:
  - AppAuth (1.4.0):
    - AppAuth/Core (= 1.4.0)
    - AppAuth/ExternalUserAgent (= 1.4.0)
  - AppAuth/Core (1.4.0)
  - AppAuth/ExternalUserAgent (1.4.0)

DEPENDENCIES:
  - AppAuth

SPEC REPOS:
  trunk:
    - AppAuth

SPEC CHECKSUMS:
  AppAuth: 31bcec809a638d7bd2f86ea8a52bd45f6e81e7c7

PODFILE CHECKSUM: dedf8fd37fba089c018afdd49000a9088bb20060

COCOAPODS: 1.10.1
